// !$*UTF8*$!
{
	archiveVersion = 1;
	classes = {
	};
	objectVersion = 55;
	objects = {

/* Begin PBXBuildFile section */
		BBD2AF77283213A400965DF7 /* ShaderCore.swift in Sources */ = {isa = PBXBuildFile; fileRef = BBD2AF76283213A400965DF7 /* ShaderCore.swift */; };
		BBD2AF7A2832144000965DF7 /* ShowTextureNode.swift in Sources */ = {isa = PBXBuildFile; fileRef = BBD2AF792832144000965DF7 /* ShowTextureNode.swift */; };
		BBD2AF80283215F300965DF7 /* Renderer.swift in Sources */ = {isa = PBXBuildFile; fileRef = BBD2AF7F283215F300965DF7 /* Renderer.swift */; };
		BBD2AF832832165900965DF7 /* Shader.metal in Sources */ = {isa = PBXBuildFile; fileRef = BBD2AF822832165900965DF7 /* Shader.metal */; };
		BBD2AF852832170000965DF7 /* NodeScene+AddShowTextureNode.swift in Sources */ = {isa = PBXBuildFile; fileRef = BBD2AF842832170000965DF7 /* NodeScene+AddShowTextureNode.swift */; };
		BBDFAD95282D7F4E00DE915F /* PlusFloatNode.swift in Sources */ = {isa = PBXBuildFile; fileRef = BBDFAD94282D7F4E00DE915F /* PlusFloatNode.swift */; };
		BBDFAD97282D7F8300DE915F /* PlusFloatNodeModel.swift in Sources */ = {isa = PBXBuildFile; fileRef = BBDFAD96282D7F8300DE915F /* PlusFloatNodeModel.swift */; };
		BBDFAD99282D7FCD00DE915F /* NodeScene+PlusFloatNode.swift in Sources */ = {isa = PBXBuildFile; fileRef = BBDFAD98282D7FCD00DE915F /* NodeScene+PlusFloatNode.swift */; };
		BBFEF50C282D0A2800F22E9E /* AppDelegate.swift in Sources */ = {isa = PBXBuildFile; fileRef = BBFEF50B282D0A2800F22E9E /* AppDelegate.swift */; };
		BBFEF50E282D0A2800F22E9E /* ViewController.swift in Sources */ = {isa = PBXBuildFile; fileRef = BBFEF50D282D0A2800F22E9E /* ViewController.swift */; };
		BBFEF510282D0A2A00F22E9E /* Assets.xcassets in Resources */ = {isa = PBXBuildFile; fileRef = BBFEF50F282D0A2A00F22E9E /* Assets.xcassets */; };
		BBFEF513282D0A2A00F22E9E /* Main.storyboard in Resources */ = {isa = PBXBuildFile; fileRef = BBFEF511282D0A2A00F22E9E /* Main.storyboard */; };
		BBFEF51B282D0A4300F22E9E /* NodeScene.swift in Sources */ = {isa = PBXBuildFile; fileRef = BBFEF51A282D0A4300F22E9E /* NodeScene.swift */; };
		BBFEF521282D0B7200F22E9E /* InputModelBase.swift in Sources */ = {isa = PBXBuildFile; fileRef = BBFEF520282D0B7200F22E9E /* InputModelBase.swift */; };
		BBFEF523282D0B8800F22E9E /* OutputModelBase.swift in Sources */ = {isa = PBXBuildFile; fileRef = BBFEF522282D0B8800F22E9E /* OutputModelBase.swift */; };
		BBFEF525282D0B9C00F22E9E /* NodeModelBase.swift in Sources */ = {isa = PBXBuildFile; fileRef = BBFEF524282D0B9C00F22E9E /* NodeModelBase.swift */; };
		BBFEF528282D0BDF00F22E9E /* StaticFloatNode.swift in Sources */ = {isa = PBXBuildFile; fileRef = BBFEF527282D0BDF00F22E9E /* StaticFloatNode.swift */; };
		BBFEF52A282D0BEA00F22E9E /* StaticFloatNodeModel.swift in Sources */ = {isa = PBXBuildFile; fileRef = BBFEF529282D0BEA00F22E9E /* StaticFloatNodeModel.swift */; };
		BBFEF52D282D0C4F00F22E9E /* FloatOutputPin.swift in Sources */ = {isa = PBXBuildFile; fileRef = BBFEF52C282D0C4F00F22E9E /* FloatOutputPin.swift */; };
		BBFEF52F282D0C5800F22E9E /* FloatOutputPinModel.swift in Sources */ = {isa = PBXBuildFile; fileRef = BBFEF52E282D0C5800F22E9E /* FloatOutputPinModel.swift */; };
		BBFEF532282D0CF700F22E9E /* FloatInputPin.swift in Sources */ = {isa = PBXBuildFile; fileRef = BBFEF531282D0CF700F22E9E /* FloatInputPin.swift */; };
		BBFEF534282D0D0100F22E9E /* FloatInputPinModel.swift in Sources */ = {isa = PBXBuildFile; fileRef = BBFEF533282D0D0100F22E9E /* FloatInputPinModel.swift */; };
		BBFEF536282D297A00F22E9E /* NodeScene+StaticFloatNode.swift in Sources */ = {isa = PBXBuildFile; fileRef = BBFEF535282D297A00F22E9E /* NodeScene+StaticFloatNode.swift */; };
		BBFEF539282D2CFE00F22E9E /* ShowFloatNodeModel.swift in Sources */ = {isa = PBXBuildFile; fileRef = BBFEF538282D2CFE00F22E9E /* ShowFloatNodeModel.swift */; };
		BBFEF53B282D2D3800F22E9E /* ShowFloatNode.swift in Sources */ = {isa = PBXBuildFile; fileRef = BBFEF53A282D2D3800F22E9E /* ShowFloatNode.swift */; };
		BBFEF53D282D2D9500F22E9E /* NodeScene+ShowFloatNode.swift in Sources */ = {isa = PBXBuildFile; fileRef = BBFEF53C282D2D9500F22E9E /* NodeScene+ShowFloatNode.swift */; };
/* End PBXBuildFile section */

/* Begin PBXFileReference section */
		BBD2AF76283213A400965DF7 /* ShaderCore.swift */ = {isa = PBXFileReference; lastKnownFileType = sourcecode.swift; path = ShaderCore.swift; sourceTree = "<group>"; };
		BBD2AF792832144000965DF7 /* ShowTextureNode.swift */ = {isa = PBXFileReference; lastKnownFileType = sourcecode.swift; path = ShowTextureNode.swift; sourceTree = "<group>"; };
		BBD2AF7F283215F300965DF7 /* Renderer.swift */ = {isa = PBXFileReference; lastKnownFileType = sourcecode.swift; path = Renderer.swift; sourceTree = "<group>"; };
		BBD2AF822832165900965DF7 /* Shader.metal */ = {isa = PBXFileReference; lastKnownFileType = sourcecode.metal; path = Shader.metal; sourceTree = "<group>"; };
		BBD2AF842832170000965DF7 /* NodeScene+AddShowTextureNode.swift */ = {isa = PBXFileReference; lastKnownFileType = sourcecode.swift; path = "NodeScene+AddShowTextureNode.swift"; sourceTree = "<group>"; };
		BBDFAD94282D7F4E00DE915F /* PlusFloatNode.swift */ = {isa = PBXFileReference; lastKnownFileType = sourcecode.swift; path = PlusFloatNode.swift; sourceTree = "<group>"; };
		BBDFAD96282D7F8300DE915F /* PlusFloatNodeModel.swift */ = {isa = PBXFileReference; lastKnownFileType = sourcecode.swift; path = PlusFloatNodeModel.swift; sourceTree = "<group>"; };
		BBDFAD98282D7FCD00DE915F /* NodeScene+PlusFloatNode.swift */ = {isa = PBXFileReference; lastKnownFileType = sourcecode.swift; path = "NodeScene+PlusFloatNode.swift"; sourceTree = "<group>"; };
		BBFEF508282D0A2800F22E9E /* MVCNodeEditor.app */ = {isa = PBXFileReference; explicitFileType = wrapper.application; includeInIndex = 0; path = MVCNodeEditor.app; sourceTree = BUILT_PRODUCTS_DIR; };
		BBFEF50B282D0A2800F22E9E /* AppDelegate.swift */ = {isa = PBXFileReference; lastKnownFileType = sourcecode.swift; path = AppDelegate.swift; sourceTree = "<group>"; };
		BBFEF50D282D0A2800F22E9E /* ViewController.swift */ = {isa = PBXFileReference; lastKnownFileType = sourcecode.swift; path = ViewController.swift; sourceTree = "<group>"; };
		BBFEF50F282D0A2A00F22E9E /* Assets.xcassets */ = {isa = PBXFileReference; lastKnownFileType = folder.assetcatalog; path = Assets.xcassets; sourceTree = "<group>"; };
		BBFEF512282D0A2A00F22E9E /* Base */ = {isa = PBXFileReference; lastKnownFileType = file.storyboard; name = Base; path = Base.lproj/Main.storyboard; sourceTree = "<group>"; };
		BBFEF514282D0A2A00F22E9E /* MVCNodeEditor.entitlements */ = {isa = PBXFileReference; lastKnownFileType = text.plist.entitlements; path = MVCNodeEditor.entitlements; sourceTree = "<group>"; };
		BBFEF51A282D0A4300F22E9E /* NodeScene.swift */ = {isa = PBXFileReference; lastKnownFileType = sourcecode.swift; path = NodeScene.swift; sourceTree = "<group>"; };
		BBFEF520282D0B7200F22E9E /* InputModelBase.swift */ = {isa = PBXFileReference; lastKnownFileType = sourcecode.swift; path = InputModelBase.swift; sourceTree = "<group>"; };
		BBFEF522282D0B8800F22E9E /* OutputModelBase.swift */ = {isa = PBXFileReference; lastKnownFileType = sourcecode.swift; path = OutputModelBase.swift; sourceTree = "<group>"; };
		BBFEF524282D0B9C00F22E9E /* NodeModelBase.swift */ = {isa = PBXFileReference; lastKnownFileType = sourcecode.swift; path = NodeModelBase.swift; sourceTree = "<group>"; };
		BBFEF527282D0BDF00F22E9E /* StaticFloatNode.swift */ = {isa = PBXFileReference; lastKnownFileType = sourcecode.swift; path = StaticFloatNode.swift; sourceTree = "<group>"; };
		BBFEF529282D0BEA00F22E9E /* StaticFloatNodeModel.swift */ = {isa = PBXFileReference; lastKnownFileType = sourcecode.swift; path = StaticFloatNodeModel.swift; sourceTree = "<group>"; };
		BBFEF52C282D0C4F00F22E9E /* FloatOutputPin.swift */ = {isa = PBXFileReference; lastKnownFileType = sourcecode.swift; path = FloatOutputPin.swift; sourceTree = "<group>"; };
		BBFEF52E282D0C5800F22E9E /* FloatOutputPinModel.swift */ = {isa = PBXFileReference; lastKnownFileType = sourcecode.swift; path = FloatOutputPinModel.swift; sourceTree = "<group>"; };
		BBFEF531282D0CF700F22E9E /* FloatInputPin.swift */ = {isa = PBXFileReference; lastKnownFileType = sourcecode.swift; path = FloatInputPin.swift; sourceTree = "<group>"; };
		BBFEF533282D0D0100F22E9E /* FloatInputPinModel.swift */ = {isa = PBXFileReference; lastKnownFileType = sourcecode.swift; path = FloatInputPinModel.swift; sourceTree = "<group>"; };
		BBFEF535282D297A00F22E9E /* NodeScene+StaticFloatNode.swift */ = {isa = PBXFileReference; lastKnownFileType = sourcecode.swift; path = "NodeScene+StaticFloatNode.swift"; sourceTree = "<group>"; };
		BBFEF538282D2CFE00F22E9E /* ShowFloatNodeModel.swift */ = {isa = PBXFileReference; lastKnownFileType = sourcecode.swift; path = ShowFloatNodeModel.swift; sourceTree = "<group>"; };
		BBFEF53A282D2D3800F22E9E /* ShowFloatNode.swift */ = {isa = PBXFileReference; lastKnownFileType = sourcecode.swift; path = ShowFloatNode.swift; sourceTree = "<group>"; };
		BBFEF53C282D2D9500F22E9E /* NodeScene+ShowFloatNode.swift */ = {isa = PBXFileReference; lastKnownFileType = sourcecode.swift; path = "NodeScene+ShowFloatNode.swift"; sourceTree = "<group>"; };
/* End PBXFileReference section */

/* Begin PBXFrameworksBuildPhase section */
		BBFEF505282D0A2800F22E9E /* Frameworks */ = {
			isa = PBXFrameworksBuildPhase;
			buildActionMask = 2147483647;
			files = (
			);
			runOnlyForDeploymentPostprocessing = 0;
		};
/* End PBXFrameworksBuildPhase section */

/* Begin PBXGroup section */
		BBD2AF752832138A00965DF7 /* ShaderCores */ = {
			isa = PBXGroup;
			children = (
				BBD2AF812832164400965DF7 /* Shaders */,
				BBD2AF76283213A400965DF7 /* ShaderCore.swift */,
				BBD2AF7F283215F300965DF7 /* Renderer.swift */,
			);
			path = ShaderCores;
			sourceTree = "<group>";
		};
		BBD2AF782832142B00965DF7 /* ShowTextureNode */ = {
			isa = PBXGroup;
			children = (
				BBD2AF792832144000965DF7 /* ShowTextureNode.swift */,
				BBD2AF842832170000965DF7 /* NodeScene+AddShowTextureNode.swift */,
			);
			path = ShowTextureNode;
			sourceTree = "<group>";
		};
		BBD2AF812832164400965DF7 /* Shaders */ = {
			isa = PBXGroup;
			children = (
				BBD2AF822832165900965DF7 /* Shader.metal */,
			);
			path = Shaders;
			sourceTree = "<group>";
		};
		BBDFAD93282D7F3800DE915F /* PlusFloatNode */ = {
			isa = PBXGroup;
			children = (
				BBDFAD94282D7F4E00DE915F /* PlusFloatNode.swift */,
				BBDFAD96282D7F8300DE915F /* PlusFloatNodeModel.swift */,
				BBDFAD98282D7FCD00DE915F /* NodeScene+PlusFloatNode.swift */,
			);
			path = PlusFloatNode;
			sourceTree = "<group>";
		};
		BBFEF4FF282D0A2800F22E9E = {
			isa = PBXGroup;
			children = (
				BBFEF50A282D0A2800F22E9E /* MVCNodeEditor */,
				BBFEF509282D0A2800F22E9E /* Products */,
			);
			sourceTree = "<group>";
		};
		BBFEF509282D0A2800F22E9E /* Products */ = {
			isa = PBXGroup;
			children = (
				BBFEF508282D0A2800F22E9E /* MVCNodeEditor.app */,
			);
			name = Products;
			sourceTree = "<group>";
		};
		BBFEF50A282D0A2800F22E9E /* MVCNodeEditor */ = {
			isa = PBXGroup;
			children = (
				BBFEF50B282D0A2800F22E9E /* AppDelegate.swift */,
				BBFEF50D282D0A2800F22E9E /* ViewController.swift */,
				BBFEF51A282D0A4300F22E9E /* NodeScene.swift */,
				BBFEF51F282D0B5900F22E9E /* InputPins */,
				BBFEF51D282D0B4C00F22E9E /* OutputPins */,
				BBFEF51C282D0B4500F22E9E /* Nodes */,
				BBD2AF752832138A00965DF7 /* ShaderCores */,
				BBFEF50F282D0A2A00F22E9E /* Assets.xcassets */,
				BBFEF511282D0A2A00F22E9E /* Main.storyboard */,
				BBFEF514282D0A2A00F22E9E /* MVCNodeEditor.entitlements */,
			);
			path = MVCNodeEditor;
			sourceTree = "<group>";
		};
		BBFEF51C282D0B4500F22E9E /* Nodes */ = {
			isa = PBXGroup;
			children = (
				BBD2AF782832142B00965DF7 /* ShowTextureNode */,
				BBFEF537282D2CEB00F22E9E /* ShowFloatNode */,
				BBDFAD93282D7F3800DE915F /* PlusFloatNode */,
				BBFEF526282D0BD200F22E9E /* StaticFloatNode */,
				BBFEF524282D0B9C00F22E9E /* NodeModelBase.swift */,
			);
			path = Nodes;
			sourceTree = "<group>";
		};
		BBFEF51D282D0B4C00F22E9E /* OutputPins */ = {
			isa = PBXGroup;
			children = (
				BBFEF52B282D0C4100F22E9E /* FloatOutputPin */,
				BBFEF522282D0B8800F22E9E /* OutputModelBase.swift */,
			);
			path = OutputPins;
			sourceTree = "<group>";
		};
		BBFEF51F282D0B5900F22E9E /* InputPins */ = {
			isa = PBXGroup;
			children = (
				BBFEF530282D0CED00F22E9E /* FloatInputPin */,
				BBFEF520282D0B7200F22E9E /* InputModelBase.swift */,
			);
			path = InputPins;
			sourceTree = "<group>";
		};
		BBFEF526282D0BD200F22E9E /* StaticFloatNode */ = {
			isa = PBXGroup;
			children = (
				BBFEF527282D0BDF00F22E9E /* StaticFloatNode.swift */,
				BBFEF529282D0BEA00F22E9E /* StaticFloatNodeModel.swift */,
				BBFEF535282D297A00F22E9E /* NodeScene+StaticFloatNode.swift */,
			);
			path = StaticFloatNode;
			sourceTree = "<group>";
		};
		BBFEF52B282D0C4100F22E9E /* FloatOutputPin */ = {
			isa = PBXGroup;
			children = (
				BBFEF52C282D0C4F00F22E9E /* FloatOutputPin.swift */,
				BBFEF52E282D0C5800F22E9E /* FloatOutputPinModel.swift */,
			);
			path = FloatOutputPin;
			sourceTree = "<group>";
		};
		BBFEF530282D0CED00F22E9E /* FloatInputPin */ = {
			isa = PBXGroup;
			children = (
				BBFEF531282D0CF700F22E9E /* FloatInputPin.swift */,
				BBFEF533282D0D0100F22E9E /* FloatInputPinModel.swift */,
			);
			path = FloatInputPin;
			sourceTree = "<group>";
		};
		BBFEF537282D2CEB00F22E9E /* ShowFloatNode */ = {
			isa = PBXGroup;
			children = (
				BBFEF538282D2CFE00F22E9E /* ShowFloatNodeModel.swift */,
				BBFEF53A282D2D3800F22E9E /* ShowFloatNode.swift */,
				BBFEF53C282D2D9500F22E9E /* NodeScene+ShowFloatNode.swift */,
			);
			path = ShowFloatNode;
			sourceTree = "<group>";
		};
/* End PBXGroup section */

/* Begin PBXNativeTarget section */
		BBFEF507282D0A2800F22E9E /* MVCNodeEditor */ = {
			isa = PBXNativeTarget;
			buildConfigurationList = BBFEF517282D0A2A00F22E9E /* Build configuration list for PBXNativeTarget "MVCNodeEditor" */;
			buildPhases = (
				BBFEF504282D0A2800F22E9E /* Sources */,
				BBFEF505282D0A2800F22E9E /* Frameworks */,
				BBFEF506282D0A2800F22E9E /* Resources */,
			);
			buildRules = (
			);
			dependencies = (
			);
			name = MVCNodeEditor;
			productName = MVCNodeEditor;
			productReference = BBFEF508282D0A2800F22E9E /* MVCNodeEditor.app */;
			productType = "com.apple.product-type.application";
		};
/* End PBXNativeTarget section */

/* Begin PBXProject section */
		BBFEF500282D0A2800F22E9E /* Project object */ = {
			isa = PBXProject;
			attributes = {
				BuildIndependentTargetsInParallel = 1;
				LastSwiftUpdateCheck = 1310;
				LastUpgradeCheck = 1310;
				TargetAttributes = {
					BBFEF507282D0A2800F22E9E = {
						CreatedOnToolsVersion = 13.1;
					};
				};
			};
			buildConfigurationList = BBFEF503282D0A2800F22E9E /* Build configuration list for PBXProject "MVCNodeEditor" */;
			compatibilityVersion = "Xcode 13.0";
			developmentRegion = en;
			hasScannedForEncodings = 0;
			knownRegions = (
				en,
				Base,
			);
			mainGroup = BBFEF4FF282D0A2800F22E9E;
			productRefGroup = BBFEF509282D0A2800F22E9E /* Products */;
			projectDirPath = "";
			projectRoot = "";
			targets = (
				BBFEF507282D0A2800F22E9E /* MVCNodeEditor */,
			);
		};
/* End PBXProject section */

/* Begin PBXResourcesBuildPhase section */
		BBFEF506282D0A2800F22E9E /* Resources */ = {
			isa = PBXResourcesBuildPhase;
			buildActionMask = 2147483647;
			files = (
				BBFEF510282D0A2A00F22E9E /* Assets.xcassets in Resources */,
				BBFEF513282D0A2A00F22E9E /* Main.storyboard in Resources */,
			);
			runOnlyForDeploymentPostprocessing = 0;
		};
/* End PBXResourcesBuildPhase section */

/* Begin PBXSourcesBuildPhase section */
		BBFEF504282D0A2800F22E9E /* Sources */ = {
			isa = PBXSourcesBuildPhase;
			buildActionMask = 2147483647;
			files = (
				BBFEF51B282D0A4300F22E9E /* NodeScene.swift in Sources */,
				BBD2AF852832170000965DF7 /* NodeScene+AddShowTextureNode.swift in Sources */,
				BBFEF536282D297A00F22E9E /* NodeScene+StaticFloatNode.swift in Sources */,
				BBDFAD97282D7F8300DE915F /* PlusFloatNodeModel.swift in Sources */,
				BBD2AF77283213A400965DF7 /* ShaderCore.swift in Sources */,
				BBFEF52F282D0C5800F22E9E /* FloatOutputPinModel.swift in Sources */,
				BBD2AF80283215F300965DF7 /* Renderer.swift in Sources */,
				BBFEF523282D0B8800F22E9E /* OutputModelBase.swift in Sources */,
				BBFEF53D282D2D9500F22E9E /* NodeScene+ShowFloatNode.swift in Sources */,
				BBFEF532282D0CF700F22E9E /* FloatInputPin.swift in Sources */,
				BBFEF52A282D0BEA00F22E9E /* StaticFloatNodeModel.swift in Sources */,
				BBFEF534282D0D0100F22E9E /* FloatInputPinModel.swift in Sources */,
				BBD2AF7A2832144000965DF7 /* ShowTextureNode.swift in Sources */,
				BBD2AF832832165900965DF7 /* Shader.metal in Sources */,
				BBFEF52D282D0C4F00F22E9E /* FloatOutputPin.swift in Sources */,
				BBFEF528282D0BDF00F22E9E /* StaticFloatNode.swift in Sources */,
				BBFEF539282D2CFE00F22E9E /* ShowFloatNodeModel.swift in Sources */,
				BBDFAD95282D7F4E00DE915F /* PlusFloatNode.swift in Sources */,
				BBDFAD99282D7FCD00DE915F /* NodeScene+PlusFloatNode.swift in Sources */,
				BBFEF525282D0B9C00F22E9E /* NodeModelBase.swift in Sources */,
				BBFEF50E282D0A2800F22E9E /* ViewController.swift in Sources */,
				BBFEF50C282D0A2800F22E9E /* AppDelegate.swift in Sources */,
				BBFEF53B282D2D3800F22E9E /* ShowFloatNode.swift in Sources */,
				BBFEF521282D0B7200F22E9E /* InputModelBase.swift in Sources */,
			);
			runOnlyForDeploymentPostprocessing = 0;
		};
/* End PBXSourcesBuildPhase section */

/* Begin PBXVariantGroup section */
		BBFEF511282D0A2A00F22E9E /* Main.storyboard */ = {
			isa = PBXVariantGroup;
			children = (
				BBFEF512282D0A2A00F22E9E /* Base */,
			);
			name = Main.storyboard;
			sourceTree = "<group>";
		};
/* End PBXVariantGroup section */

/* Begin XCBuildConfiguration section */
		BBFEF515282D0A2A00F22E9E /* Debug */ = {
			isa = XCBuildConfiguration;
			buildSettings = {
				ALWAYS_SEARCH_USER_PATHS = NO;
				CLANG_ANALYZER_NONNULL = YES;
				CLANG_ANALYZER_NUMBER_OBJECT_CONVERSION = YES_AGGRESSIVE;
				CLANG_CXX_LANGUAGE_STANDARD = "gnu++17";
				CLANG_CXX_LIBRARY = "libc++";
				CLANG_ENABLE_MODULES = YES;
				CLANG_ENABLE_OBJC_ARC = YES;
				CLANG_ENABLE_OBJC_WEAK = YES;
				CLANG_WARN_BLOCK_CAPTURE_AUTORELEASING = YES;
				CLANG_WARN_BOOL_CONVERSION = YES;
				CLANG_WARN_COMMA = YES;
				CLANG_WARN_CONSTANT_CONVERSION = YES;
				CLANG_WARN_DEPRECATED_OBJC_IMPLEMENTATIONS = YES;
				CLANG_WARN_DIRECT_OBJC_ISA_USAGE = YES_ERROR;
				CLANG_WARN_DOCUMENTATION_COMMENTS = YES;
				CLANG_WARN_EMPTY_BODY = YES;
				CLANG_WARN_ENUM_CONVERSION = YES;
				CLANG_WARN_INFINITE_RECURSION = YES;
				CLANG_WARN_INT_CONVERSION = YES;
				CLANG_WARN_NON_LITERAL_NULL_CONVERSION = YES;
				CLANG_WARN_OBJC_IMPLICIT_RETAIN_SELF = YES;
				CLANG_WARN_OBJC_LITERAL_CONVERSION = YES;
				CLANG_WARN_OBJC_ROOT_CLASS = YES_ERROR;
				CLANG_WARN_QUOTED_INCLUDE_IN_FRAMEWORK_HEADER = YES;
				CLANG_WARN_RANGE_LOOP_ANALYSIS = YES;
				CLANG_WARN_STRICT_PROTOTYPES = YES;
				CLANG_WARN_SUSPICIOUS_MOVE = YES;
				CLANG_WARN_UNGUARDED_AVAILABILITY = YES_AGGRESSIVE;
				CLANG_WARN_UNREACHABLE_CODE = YES;
				CLANG_WARN__DUPLICATE_METHOD_MATCH = YES;
				COPY_PHASE_STRIP = NO;
				DEBUG_INFORMATION_FORMAT = dwarf;
				ENABLE_STRICT_OBJC_MSGSEND = YES;
				ENABLE_TESTABILITY = YES;
				GCC_C_LANGUAGE_STANDARD = gnu11;
				GCC_DYNAMIC_NO_PIC = NO;
				GCC_NO_COMMON_BLOCKS = YES;
				GCC_OPTIMIZATION_LEVEL = 0;
				GCC_PREPROCESSOR_DEFINITIONS = (
					"DEBUG=1",
					"$(inherited)",
				);
				GCC_WARN_64_TO_32_BIT_CONVERSION = YES;
				GCC_WARN_ABOUT_RETURN_TYPE = YES_ERROR;
				GCC_WARN_UNDECLARED_SELECTOR = YES;
				GCC_WARN_UNINITIALIZED_AUTOS = YES_AGGRESSIVE;
				GCC_WARN_UNUSED_FUNCTION = YES;
				GCC_WARN_UNUSED_VARIABLE = YES;
				MACOSX_DEPLOYMENT_TARGET = 11.6;
				MTL_ENABLE_DEBUG_INFO = INCLUDE_SOURCE;
				MTL_FAST_MATH = YES;
				ONLY_ACTIVE_ARCH = YES;
				SDKROOT = macosx;
				SWIFT_ACTIVE_COMPILATION_CONDITIONS = DEBUG;
				SWIFT_OPTIMIZATION_LEVEL = "-Onone";
			};
			name = Debug;
		};
		BBFEF516282D0A2A00F22E9E /* Release */ = {
			isa = XCBuildConfiguration;
			buildSettings = {
				ALWAYS_SEARCH_USER_PATHS = NO;
				CLANG_ANALYZER_NONNULL = YES;
				CLANG_ANALYZER_NUMBER_OBJECT_CONVERSION = YES_AGGRESSIVE;
				CLANG_CXX_LANGUAGE_STANDARD = "gnu++17";
				CLANG_CXX_LIBRARY = "libc++";
				CLANG_ENABLE_MODULES = YES;
				CLANG_ENABLE_OBJC_ARC = YES;
				CLANG_ENABLE_OBJC_WEAK = YES;
				CLANG_WARN_BLOCK_CAPTURE_AUTORELEASING = YES;
				CLANG_WARN_BOOL_CONVERSION = YES;
				CLANG_WARN_COMMA = YES;
				CLANG_WARN_CONSTANT_CONVERSION = YES;
				CLANG_WARN_DEPRECATED_OBJC_IMPLEMENTATIONS = YES;
				CLANG_WARN_DIRECT_OBJC_ISA_USAGE = YES_ERROR;
				CLANG_WARN_DOCUMENTATION_COMMENTS = YES;
				CLANG_WARN_EMPTY_BODY = YES;
				CLANG_WARN_ENUM_CONVERSION = YES;
				CLANG_WARN_INFINITE_RECURSION = YES;
				CLANG_WARN_INT_CONVERSION = YES;
				CLANG_WARN_NON_LITERAL_NULL_CONVERSION = YES;
				CLANG_WARN_OBJC_IMPLICIT_RETAIN_SELF = YES;
				CLANG_WARN_OBJC_LITERAL_CONVERSION = YES;
				CLANG_WARN_OBJC_ROOT_CLASS = YES_ERROR;
				CLANG_WARN_QUOTED_INCLUDE_IN_FRAMEWORK_HEADER = YES;
				CLANG_WARN_RANGE_LOOP_ANALYSIS = YES;
				CLANG_WARN_STRICT_PROTOTYPES = YES;
				CLANG_WARN_SUSPICIOUS_MOVE = YES;
				CLANG_WARN_UNGUARDED_AVAILABILITY = YES_AGGRESSIVE;
				CLANG_WARN_UNREACHABLE_CODE = YES;
				CLANG_WARN__DUPLICATE_METHOD_MATCH = YES;
				COPY_PHASE_STRIP = NO;
				DEBUG_INFORMATION_FORMAT = "dwarf-with-dsym";
				ENABLE_NS_ASSERTIONS = NO;
				ENABLE_STRICT_OBJC_MSGSEND = YES;
				GCC_C_LANGUAGE_STANDARD = gnu11;
				GCC_NO_COMMON_BLOCKS = YES;
				GCC_WARN_64_TO_32_BIT_CONVERSION = YES;
				GCC_WARN_ABOUT_RETURN_TYPE = YES_ERROR;
				GCC_WARN_UNDECLARED_SELECTOR = YES;
				GCC_WARN_UNINITIALIZED_AUTOS = YES_AGGRESSIVE;
				GCC_WARN_UNUSED_FUNCTION = YES;
				GCC_WARN_UNUSED_VARIABLE = YES;
				MACOSX_DEPLOYMENT_TARGET = 11.6;
				MTL_ENABLE_DEBUG_INFO = NO;
				MTL_FAST_MATH = YES;
				SDKROOT = macosx;
				SWIFT_COMPILATION_MODE = wholemodule;
				SWIFT_OPTIMIZATION_LEVEL = "-O";
			};
			name = Release;
		};
		BBFEF518282D0A2A00F22E9E /* Debug */ = {
			isa = XCBuildConfiguration;
			buildSettings = {
				ASSETCATALOG_COMPILER_APPICON_NAME = AppIcon;
				ASSETCATALOG_COMPILER_GLOBAL_ACCENT_COLOR_NAME = AccentColor;
				CODE_SIGN_ENTITLEMENTS = MVCNodeEditor/MVCNodeEditor.entitlements;
				CODE_SIGN_STYLE = Automatic;
				COMBINE_HIDPI_IMAGES = YES;
				CURRENT_PROJECT_VERSION = 1;
				DEVELOPMENT_TEAM = 7KBT9HS966;
				ENABLE_HARDENED_RUNTIME = YES;
				GENERATE_INFOPLIST_FILE = YES;
				INFOPLIST_KEY_NSHumanReadableCopyright = "";
				INFOPLIST_KEY_NSMainStoryboardFile = Main;
				INFOPLIST_KEY_NSPrincipalClass = NSApplication;
				LD_RUNPATH_SEARCH_PATHS = (
					"$(inherited)",
					"@executable_path/../Frameworks",
				);
				MARKETING_VERSION = 1.0;
				PRODUCT_BUNDLE_IDENTIFIER = com.yukiny.test.MVCNodeEditor;
				PRODUCT_NAME = "$(TARGET_NAME)";
				SWIFT_EMIT_LOC_STRINGS = YES;
				SWIFT_VERSION = 5.0;
			};
			name = Debug;
		};
		BBFEF519282D0A2A00F22E9E /* Release */ = {
			isa = XCBuildConfiguration;
			buildSettings = {
				ASSETCATALOG_COMPILER_APPICON_NAME = AppIcon;
				ASSETCATALOG_COMPILER_GLOBAL_ACCENT_COLOR_NAME = AccentColor;
				CODE_SIGN_ENTITLEMENTS = MVCNodeEditor/MVCNodeEditor.entitlements;
				CODE_SIGN_STYLE = Automatic;
				COMBINE_HIDPI_IMAGES = YES;
				CURRENT_PROJECT_VERSION = 1;
				DEVELOPMENT_TEAM = 7KBT9HS966;
				ENABLE_HARDENED_RUNTIME = YES;
				GENERATE_INFOPLIST_FILE = YES;
				INFOPLIST_KEY_NSHumanReadableCopyright = "";
				INFOPLIST_KEY_NSMainStoryboardFile = Main;
				INFOPLIST_KEY_NSPrincipalClass = NSApplication;
				LD_RUNPATH_SEARCH_PATHS = (
					"$(inherited)",
					"@executable_path/../Frameworks",
				);
				MARKETING_VERSION = 1.0;
				PRODUCT_BUNDLE_IDENTIFIER = com.yukiny.test.MVCNodeEditor;
				PRODUCT_NAME = "$(TARGET_NAME)";
				SWIFT_EMIT_LOC_STRINGS = YES;
				SWIFT_VERSION = 5.0;
			};
			name = Release;
		};
/* End XCBuildConfiguration section */

/* Begin XCConfigurationList section */
		BBFEF503282D0A2800F22E9E /* Build configuration list for PBXProject "MVCNodeEditor" */ = {
			isa = XCConfigurationList;
			buildConfigurations = (
				BBFEF515282D0A2A00F22E9E /* Debug */,
				BBFEF516282D0A2A00F22E9E /* Release */,
			);
			defaultConfigurationIsVisible = 0;
			defaultConfigurationName = Release;
		};
		BBFEF517282D0A2A00F22E9E /* Build configuration list for PBXNativeTarget "MVCNodeEditor" */ = {
			isa = XCConfigurationList;
			buildConfigurations = (
				BBFEF518282D0A2A00F22E9E /* Debug */,
				BBFEF519282D0A2A00F22E9E /* Release */,
			);
			defaultConfigurationIsVisible = 0;
			defaultConfigurationName = Release;
		};
/* End XCConfigurationList section */
	};
	rootObject = BBFEF500282D0A2800F22E9E /* Project object */;
}
